
Microsoft Visual Studio Solution File, Format Version 11.00
# Visual Studio 2010
Project("{FAE04EC0-301F-11D3-BF4B-00C04F79EFBC}") = "Anairam", "Anairam\Anairam.csproj", "{A922848E-9A11-49BC-81B4-3502299A02BD}"
EndProject
Project("{FAE04EC0-301F-11D3-BF4B-00C04F79EFBC}") = "Anairam.Test", "Anairam.Test\Anairam.Test.csproj", "{D606DC7C-5C73-493D-90D2-C0BD69B454C7}"
EndProject
Global
	GlobalSection(SolutionConfigurationPlatforms) = preSolution
		Debug|Any CPU = Debug|Any CPU
		Release|Any CPU = Release|Any CPU
	EndGlobalSection
	GlobalSection(ProjectConfigurationPlatforms) = postSolution
		{A922848E-9A11-49BC-81B4-3502299A02BD}.Debug|Any CPU.ActiveCfg = Debug|Any CPU
		{A922848E-9A11-49BC-81B4-3502299A02BD}.Debug|Any CPU.Build.0 = Debug|Any CPU
		{A922848E-9A11-49BC-81B4-3502299A02BD}.Release|Any CPU.ActiveCfg = Release|Any CPU
		{A922848E-9A11-49BC-81B4-3502299A02BD}.Release|Any CPU.Build.0 = Release|Any CPU
		{D606DC7C-5C73-493D-90D2-C0BD69B454C7}.Debug|Any CPU.ActiveCfg = Debug|Any CPU
		{D606DC7C-5C73-493D-90D2-C0BD69B454C7}.Debug|Any CPU.Build.0 = Debug|Any CPU
		{D606DC7C-5C73-493D-90D2-C0BD69B454C7}.Release|Any CPU.ActiveCfg = Release|Any CPU
		{D606DC7C-5C73-493D-90D2-C0BD69B454C7}.Release|Any CPU.Build.0 = Release|Any CPU
	EndGlobalSection
	GlobalSection(SolutionProperties) = preSolution
		HideSolutionNode = FALSE
	EndGlobalSection
EndGlobal
